
Microsoft Visual Studio Solution File, Format Version 12.00
# Visual Studio Version 17
VisualStudioVersion = 17.3.32929.385
MinimumVisualStudioVersion = 10.0.40219.1
Project("{FAE04EC0-301F-11D3-BF4B-00C04F79EFBC}") = "conditions", "conditions\conditions.csproj", "{0CE1E20C-70BC-431C-B1D3-B98AF6075011}"
EndProject
Global
	GlobalSection(SolutionConfigurationPlatforms) = preSolution
		Debug|Any CPU = Debug|Any CPU
		Release|Any CPU = Release|Any CPU
	EndGlobalSection
	GlobalSection(ProjectConfigurationPlatforms) = postSolution
		{0CE1E20C-70BC-431C-B1D3-B98AF6075011}.Debug|Any CPU.ActiveCfg = Debug|Any CPU
		{0CE1E20C-70BC-431C-B1D3-B98AF6075011}.Debug|Any CPU.Build.0 = Debug|Any CPU
		{0CE1E20C-70BC-431C-B1D3-B98AF6075011}.Release|Any CPU.ActiveCfg = Release|Any CPU
		{0CE1E20C-70BC-431C-B1D3-B98AF6075011}.Release|Any CPU.Build.0 = Release|Any CPU
	EndGlobalSection
	GlobalSection(SolutionProperties) = preSolution
		HideSolutionNode = FALSE
	EndGlobalSection
	GlobalSection(ExtensibilityGlobals) = postSolution
		SolutionGuid = {C2FC4247-206B-450E-BE57-B6EE191EEC2B}
	EndGlobalSection
EndGlobal
