
Microsoft Visual Studio Solution File, Format Version 12.00
# Visual Studio Version 17
VisualStudioVersion = 17.3.32929.385
MinimumVisualStudioVersion = 10.0.40219.1
Project("{FAE04EC0-301F-11D3-BF4B-00C04F79EFBC}") = "helloWorld", "helloWorld\helloWorld.csproj", "{B17D9212-63A7-4EF2-8C41-F992B1C19E24}"
EndProject
Global
	GlobalSection(SolutionConfigurationPlatforms) = preSolution
		Debug|Any CPU = Debug|Any CPU
		Release|Any CPU = Release|Any CPU
	EndGlobalSection
	GlobalSection(ProjectConfigurationPlatforms) = postSolution
		{B17D9212-63A7-4EF2-8C41-F992B1C19E24}.Debug|Any CPU.ActiveCfg = Debug|Any CPU
		{B17D9212-63A7-4EF2-8C41-F992B1C19E24}.Debug|Any CPU.Build.0 = Debug|Any CPU
		{B17D9212-63A7-4EF2-8C41-F992B1C19E24}.Release|Any CPU.ActiveCfg = Release|Any CPU
		{B17D9212-63A7-4EF2-8C41-F992B1C19E24}.Release|Any CPU.Build.0 = Release|Any CPU
	EndGlobalSection
	GlobalSection(SolutionProperties) = preSolution
		HideSolutionNode = FALSE
	EndGlobalSection
	GlobalSection(ExtensibilityGlobals) = postSolution
		SolutionGuid = {037A8066-FB08-43E7-85D3-550087C6AE96}
	EndGlobalSection
EndGlobal
