
Microsoft Visual Studio Solution File, Format Version 12.00
# Visual Studio Version 17
VisualStudioVersion = 17.3.32929.385
MinimumVisualStudioVersion = 10.0.40219.1
Project("{FAE04EC0-301F-11D3-BF4B-00C04F79EFBC}") = "discount_calc", "discount_calc\discount_calc.csproj", "{4388A9C7-F5C8-4620-AE58-DD5F39DCD656}"
EndProject
Global
	GlobalSection(SolutionConfigurationPlatforms) = preSolution
		Debug|Any CPU = Debug|Any CPU
		Release|Any CPU = Release|Any CPU
	EndGlobalSection
	GlobalSection(ProjectConfigurationPlatforms) = postSolution
		{4388A9C7-F5C8-4620-AE58-DD5F39DCD656}.Debug|Any CPU.ActiveCfg = Debug|Any CPU
		{4388A9C7-F5C8-4620-AE58-DD5F39DCD656}.Debug|Any CPU.Build.0 = Debug|Any CPU
		{4388A9C7-F5C8-4620-AE58-DD5F39DCD656}.Release|Any CPU.ActiveCfg = Release|Any CPU
		{4388A9C7-F5C8-4620-AE58-DD5F39DCD656}.Release|Any CPU.Build.0 = Release|Any CPU
	EndGlobalSection
	GlobalSection(SolutionProperties) = preSolution
		HideSolutionNode = FALSE
	EndGlobalSection
	GlobalSection(ExtensibilityGlobals) = postSolution
		SolutionGuid = {2B3CB27A-5167-48C8-8A15-3490258735AB}
	EndGlobalSection
EndGlobal
