
Microsoft Visual Studio Solution File, Format Version 12.00
# Visual Studio Version 17
VisualStudioVersion = 17.4.33110.190
MinimumVisualStudioVersion = 10.0.40219.1
Project("{FAE04EC0-301F-11D3-BF4B-00C04F79EFBC}") = "hospital_management", "hospital_management\hospital_management.csproj", "{54FA0793-A198-4727-9DFB-5B65B3694B41}"
EndProject
Global
	GlobalSection(SolutionConfigurationPlatforms) = preSolution
		Debug|Any CPU = Debug|Any CPU
		Release|Any CPU = Release|Any CPU
	EndGlobalSection
	GlobalSection(ProjectConfigurationPlatforms) = postSolution
		{54FA0793-A198-4727-9DFB-5B65B3694B41}.Debug|Any CPU.ActiveCfg = Debug|Any CPU
		{54FA0793-A198-4727-9DFB-5B65B3694B41}.Debug|Any CPU.Build.0 = Debug|Any CPU
		{54FA0793-A198-4727-9DFB-5B65B3694B41}.Release|Any CPU.ActiveCfg = Release|Any CPU
		{54FA0793-A198-4727-9DFB-5B65B3694B41}.Release|Any CPU.Build.0 = Release|Any CPU
	EndGlobalSection
	GlobalSection(SolutionProperties) = preSolution
		HideSolutionNode = FALSE
	EndGlobalSection
	GlobalSection(ExtensibilityGlobals) = postSolution
		SolutionGuid = {783DD935-10D9-4C5E-8088-581599246507}
	EndGlobalSection
EndGlobal
