
Microsoft Visual Studio Solution File, Format Version 12.00
# Visual Studio Version 17
VisualStudioVersion = 17.3.32929.385
MinimumVisualStudioVersion = 10.0.40219.1
Project("{FAE04EC0-301F-11D3-BF4B-00C04F79EFBC}") = "grade_calc", "grade_calc\grade_calc.csproj", "{100B5AAC-2F0E-44B3-9D67-29DEABD4756D}"
EndProject
Global
	GlobalSection(SolutionConfigurationPlatforms) = preSolution
		Debug|Any CPU = Debug|Any CPU
		Release|Any CPU = Release|Any CPU
	EndGlobalSection
	GlobalSection(ProjectConfigurationPlatforms) = postSolution
		{100B5AAC-2F0E-44B3-9D67-29DEABD4756D}.Debug|Any CPU.ActiveCfg = Debug|Any CPU
		{100B5AAC-2F0E-44B3-9D67-29DEABD4756D}.Debug|Any CPU.Build.0 = Debug|Any CPU
		{100B5AAC-2F0E-44B3-9D67-29DEABD4756D}.Release|Any CPU.ActiveCfg = Release|Any CPU
		{100B5AAC-2F0E-44B3-9D67-29DEABD4756D}.Release|Any CPU.Build.0 = Release|Any CPU
	EndGlobalSection
	GlobalSection(SolutionProperties) = preSolution
		HideSolutionNode = FALSE
	EndGlobalSection
	GlobalSection(ExtensibilityGlobals) = postSolution
		SolutionGuid = {942F96C7-EE40-4E22-9FA5-E88712188957}
	EndGlobalSection
EndGlobal
