
Microsoft Visual Studio Solution File, Format Version 12.00
# Visual Studio Version 17
VisualStudioVersion = 17.4.33110.190
MinimumVisualStudioVersion = 10.0.40219.1
Project("{FAE04EC0-301F-11D3-BF4B-00C04F79EFBC}") = "charts", "charts\charts.csproj", "{7BE0E3E1-148A-4AEF-B2E1-9374D4446E61}"
EndProject
Global
	GlobalSection(SolutionConfigurationPlatforms) = preSolution
		Debug|Any CPU = Debug|Any CPU
		Release|Any CPU = Release|Any CPU
	EndGlobalSection
	GlobalSection(ProjectConfigurationPlatforms) = postSolution
		{7BE0E3E1-148A-4AEF-B2E1-9374D4446E61}.Debug|Any CPU.ActiveCfg = Debug|Any CPU
		{7BE0E3E1-148A-4AEF-B2E1-9374D4446E61}.Debug|Any CPU.Build.0 = Debug|Any CPU
		{7BE0E3E1-148A-4AEF-B2E1-9374D4446E61}.Release|Any CPU.ActiveCfg = Release|Any CPU
		{7BE0E3E1-148A-4AEF-B2E1-9374D4446E61}.Release|Any CPU.Build.0 = Release|Any CPU
	EndGlobalSection
	GlobalSection(SolutionProperties) = preSolution
		HideSolutionNode = FALSE
	EndGlobalSection
	GlobalSection(ExtensibilityGlobals) = postSolution
		SolutionGuid = {C13B97CA-2BDA-48BA-8497-026993656D64}
	EndGlobalSection
EndGlobal
