
Microsoft Visual Studio Solution File, Format Version 12.00
# Visual Studio Version 17
VisualStudioVersion = 17.4.33110.190
MinimumVisualStudioVersion = 10.0.40219.1
Project("{FAE04EC0-301F-11D3-BF4B-00C04F79EFBC}") = "multiple_forms", "multiple_forms\multiple_forms.csproj", "{359606E4-B92B-4859-B717-D8DA7DF9EAE8}"
EndProject
Global
	GlobalSection(SolutionConfigurationPlatforms) = preSolution
		Debug|Any CPU = Debug|Any CPU
		Release|Any CPU = Release|Any CPU
	EndGlobalSection
	GlobalSection(ProjectConfigurationPlatforms) = postSolution
		{359606E4-B92B-4859-B717-D8DA7DF9EAE8}.Debug|Any CPU.ActiveCfg = Debug|Any CPU
		{359606E4-B92B-4859-B717-D8DA7DF9EAE8}.Debug|Any CPU.Build.0 = Debug|Any CPU
		{359606E4-B92B-4859-B717-D8DA7DF9EAE8}.Release|Any CPU.ActiveCfg = Release|Any CPU
		{359606E4-B92B-4859-B717-D8DA7DF9EAE8}.Release|Any CPU.Build.0 = Release|Any CPU
	EndGlobalSection
	GlobalSection(SolutionProperties) = preSolution
		HideSolutionNode = FALSE
	EndGlobalSection
	GlobalSection(ExtensibilityGlobals) = postSolution
		SolutionGuid = {94C62B62-D4B2-4205-9F5B-63464A991714}
	EndGlobalSection
EndGlobal
