
Microsoft Visual Studio Solution File, Format Version 12.00
# Visual Studio Version 17
VisualStudioVersion = 17.4.33110.190
MinimumVisualStudioVersion = 10.0.40219.1
Project("{FAE04EC0-301F-11D3-BF4B-00C04F79EFBC}") = "dynamic_tools", "dynamic_tools\dynamic_tools.csproj", "{17A5C308-3841-4828-B8F3-FC057C8DFE4A}"
EndProject
Global
	GlobalSection(SolutionConfigurationPlatforms) = preSolution
		Debug|Any CPU = Debug|Any CPU
		Release|Any CPU = Release|Any CPU
	EndGlobalSection
	GlobalSection(ProjectConfigurationPlatforms) = postSolution
		{17A5C308-3841-4828-B8F3-FC057C8DFE4A}.Debug|Any CPU.ActiveCfg = Debug|Any CPU
		{17A5C308-3841-4828-B8F3-FC057C8DFE4A}.Debug|Any CPU.Build.0 = Debug|Any CPU
		{17A5C308-3841-4828-B8F3-FC057C8DFE4A}.Release|Any CPU.ActiveCfg = Release|Any CPU
		{17A5C308-3841-4828-B8F3-FC057C8DFE4A}.Release|Any CPU.Build.0 = Release|Any CPU
	EndGlobalSection
	GlobalSection(SolutionProperties) = preSolution
		HideSolutionNode = FALSE
	EndGlobalSection
	GlobalSection(ExtensibilityGlobals) = postSolution
		SolutionGuid = {631852B9-6355-4D63-9B35-C0085D07CBF0}
	EndGlobalSection
EndGlobal
