
Microsoft Visual Studio Solution File, Format Version 12.00
# Visual Studio Version 17
VisualStudioVersion = 17.4.33110.190
MinimumVisualStudioVersion = 10.0.40219.1
Project("{FAE04EC0-301F-11D3-BF4B-00C04F79EFBC}") = "math_functions", "math_functions\math_functions.csproj", "{3078D3DE-9619-448E-AB54-7C2D7FB524EB}"
EndProject
Global
	GlobalSection(SolutionConfigurationPlatforms) = preSolution
		Debug|Any CPU = Debug|Any CPU
		Release|Any CPU = Release|Any CPU
	EndGlobalSection
	GlobalSection(ProjectConfigurationPlatforms) = postSolution
		{3078D3DE-9619-448E-AB54-7C2D7FB524EB}.Debug|Any CPU.ActiveCfg = Debug|Any CPU
		{3078D3DE-9619-448E-AB54-7C2D7FB524EB}.Debug|Any CPU.Build.0 = Debug|Any CPU
		{3078D3DE-9619-448E-AB54-7C2D7FB524EB}.Release|Any CPU.ActiveCfg = Release|Any CPU
		{3078D3DE-9619-448E-AB54-7C2D7FB524EB}.Release|Any CPU.Build.0 = Release|Any CPU
	EndGlobalSection
	GlobalSection(SolutionProperties) = preSolution
		HideSolutionNode = FALSE
	EndGlobalSection
	GlobalSection(ExtensibilityGlobals) = postSolution
		SolutionGuid = {DCB311DE-88E7-46D6-8834-AA3A81245C11}
	EndGlobalSection
EndGlobal
