
Microsoft Visual Studio Solution File, Format Version 12.00
# Visual Studio Version 17
VisualStudioVersion = 17.4.33110.190
MinimumVisualStudioVersion = 10.0.40219.1
Project("{FAE04EC0-301F-11D3-BF4B-00C04F79EFBC}") = "personnel_registration", "personnel_registration\personnel_registration.csproj", "{571A2AF7-0AA2-4B56-99F1-329809AB3E69}"
EndProject
Global
	GlobalSection(SolutionConfigurationPlatforms) = preSolution
		Debug|Any CPU = Debug|Any CPU
		Release|Any CPU = Release|Any CPU
	EndGlobalSection
	GlobalSection(ProjectConfigurationPlatforms) = postSolution
		{571A2AF7-0AA2-4B56-99F1-329809AB3E69}.Debug|Any CPU.ActiveCfg = Debug|Any CPU
		{571A2AF7-0AA2-4B56-99F1-329809AB3E69}.Debug|Any CPU.Build.0 = Debug|Any CPU
		{571A2AF7-0AA2-4B56-99F1-329809AB3E69}.Release|Any CPU.ActiveCfg = Release|Any CPU
		{571A2AF7-0AA2-4B56-99F1-329809AB3E69}.Release|Any CPU.Build.0 = Release|Any CPU
	EndGlobalSection
	GlobalSection(SolutionProperties) = preSolution
		HideSolutionNode = FALSE
	EndGlobalSection
	GlobalSection(ExtensibilityGlobals) = postSolution
		SolutionGuid = {0B6681E9-BFD2-44FD-B332-C1CB5BC15ABA}
	EndGlobalSection
EndGlobal
