
Microsoft Visual Studio Solution File, Format Version 12.00
# Visual Studio Version 17
VisualStudioVersion = 17.3.32929.385
MinimumVisualStudioVersion = 10.0.40219.1
Project("{FAE04EC0-301F-11D3-BF4B-00C04F79EFBC}") = "timer_and_pbar", "timer\timer_and_pbar.csproj", "{DB1BB743-05B6-4738-8332-5AA2CC0DC510}"
EndProject
Global
	GlobalSection(SolutionConfigurationPlatforms) = preSolution
		Debug|Any CPU = Debug|Any CPU
		Release|Any CPU = Release|Any CPU
	EndGlobalSection
	GlobalSection(ProjectConfigurationPlatforms) = postSolution
		{DB1BB743-05B6-4738-8332-5AA2CC0DC510}.Debug|Any CPU.ActiveCfg = Debug|Any CPU
		{DB1BB743-05B6-4738-8332-5AA2CC0DC510}.Debug|Any CPU.Build.0 = Debug|Any CPU
		{DB1BB743-05B6-4738-8332-5AA2CC0DC510}.Release|Any CPU.ActiveCfg = Release|Any CPU
		{DB1BB743-05B6-4738-8332-5AA2CC0DC510}.Release|Any CPU.Build.0 = Release|Any CPU
	EndGlobalSection
	GlobalSection(SolutionProperties) = preSolution
		HideSolutionNode = FALSE
	EndGlobalSection
	GlobalSection(ExtensibilityGlobals) = postSolution
		SolutionGuid = {1782C957-523D-4CB2-90F8-33669D6D0FA9}
	EndGlobalSection
EndGlobal
